
Microsoft Visual Studio Solution File, Format Version 12.00
# Visual Studio 15
VisualStudioVersion = 15.0.26730.16
MinimumVisualStudioVersion = 10.0.40219.1
Project("{FAE04EC0-301F-11D3-BF4B-00C04F79EFBC}") = "FSpacer", "FSpacer\FSpacer.csproj", "{8C6376B9-FB61-46FA-8FD0-2F5F96510D65}"
EndProject
Global
	GlobalSection(SolutionConfigurationPlatforms) = preSolution
		Debug|Any CPU = Debug|Any CPU
		Release|Any CPU = Release|Any CPU
	EndGlobalSection
	GlobalSection(ProjectConfigurationPlatforms) = postSolution
		{8C6376B9-FB61-46FA-8FD0-2F5F96510D65}.Debug|Any CPU.ActiveCfg = Debug|Any CPU
		{8C6376B9-FB61-46FA-8FD0-2F5F96510D65}.Debug|Any CPU.Build.0 = Debug|Any CPU
		{8C6376B9-FB61-46FA-8FD0-2F5F96510D65}.Release|Any CPU.ActiveCfg = Release|Any CPU
		{8C6376B9-FB61-46FA-8FD0-2F5F96510D65}.Release|Any CPU.Build.0 = Release|Any CPU
	EndGlobalSection
	GlobalSection(SolutionProperties) = preSolution
		HideSolutionNode = FALSE
	EndGlobalSection
	GlobalSection(ExtensibilityGlobals) = postSolution
		SolutionGuid = {FF36FF96-30FF-4A71-87E2-4D9112FC0239}
	EndGlobalSection
EndGlobal
